// !$*UTF8*$!
{
	archiveVersion = 1;
	classes = {
	};
	objectVersion = 51;
	objects = {

/* Begin PBXBuildFile section */
		3620D0D1242AC8B200E4DE80 /* EndPointType.swift in Sources */ = {isa = PBXBuildFile; fileRef = 3620D0D0242AC8B200E4DE80 /* EndPointType.swift */; };
		3620D0D3242ACB8D00E4DE80 /* HTTPMethod.swift in Sources */ = {isa = PBXBuildFile; fileRef = 3620D0D2242ACB8D00E4DE80 /* HTTPMethod.swift */; };
		3620D0D5242ACE7300E4DE80 /* HTTPTask.swift in Sources */ = {isa = PBXBuildFile; fileRef = 3620D0D4242ACE7300E4DE80 /* HTTPTask.swift */; };
		3620D0D7242B0BDA00E4DE80 /* ParameterEncoding.swift in Sources */ = {isa = PBXBuildFile; fileRef = 3620D0D6242B0BDA00E4DE80 /* ParameterEncoding.swift */; };
		3620D0D9242B156500E4DE80 /* URLSessionProtoccol.swift in Sources */ = {isa = PBXBuildFile; fileRef = 3620D0D8242B156500E4DE80 /* URLSessionProtoccol.swift */; };
		3620D0DB242B160C00E4DE80 /* URLSessionProvider.swift in Sources */ = {isa = PBXBuildFile; fileRef = 3620D0DA242B160C00E4DE80 /* URLSessionProvider.swift */; };
		3620D0DD242B19BD00E4DE80 /* BussinessesAPI.swift in Sources */ = {isa = PBXBuildFile; fileRef = 3620D0DC242B19BD00E4DE80 /* BussinessesAPI.swift */; };
		369FFD55242E3C8200EA9A66 /* Location.swift in Sources */ = {isa = PBXBuildFile; fileRef = 369FFD54242E3C8200EA9A66 /* Location.swift */; };
		369FFD57242E435700EA9A66 /* UIImage+Extensions.swift in Sources */ = {isa = PBXBuildFile; fileRef = 369FFD56242E435700EA9A66 /* UIImage+Extensions.swift */; };
		369FFD59242E43BB00EA9A66 /* URLRequest+Extensions.swift in Sources */ = {isa = PBXBuildFile; fileRef = 369FFD58242E43BB00EA9A66 /* URLRequest+Extensions.swift */; };
		369FFD5B242E44EA00EA9A66 /* URLComponents+Extensions.swift in Sources */ = {isa = PBXBuildFile; fileRef = 369FFD5A242E44EA00EA9A66 /* URLComponents+Extensions.swift */; };
		369FFD5D242E451100EA9A66 /* NetworkResponse.swift in Sources */ = {isa = PBXBuildFile; fileRef = 369FFD5C242E451100EA9A66 /* NetworkResponse.swift */; };
		369FFD5F242E469800EA9A66 /* PhotosAPIService.swift in Sources */ = {isa = PBXBuildFile; fileRef = 369FFD5E242E469800EA9A66 /* PhotosAPIService.swift */; };
		369FFD60242E46E500EA9A66 /* UIImageView+Extensions.swift in Sources */ = {isa = PBXBuildFile; fileRef = 36EEFF2B242D29C600452478 /* UIImageView+Extensions.swift */; };
		369FFD61242E46E500EA9A66 /* UIImageView+Extensions.swift in Sources */ = {isa = PBXBuildFile; fileRef = 36EEFF2B242D29C600452478 /* UIImageView+Extensions.swift */; };
		369FFD62242E46E800EA9A66 /* UIImage+Extensions.swift in Sources */ = {isa = PBXBuildFile; fileRef = 369FFD56242E435700EA9A66 /* UIImage+Extensions.swift */; };
		369FFD63242E46E900EA9A66 /* UIImage+Extensions.swift in Sources */ = {isa = PBXBuildFile; fileRef = 369FFD56242E435700EA9A66 /* UIImage+Extensions.swift */; };
		369FFD64242E46EC00EA9A66 /* URLComponents+Extensions.swift in Sources */ = {isa = PBXBuildFile; fileRef = 369FFD5A242E44EA00EA9A66 /* URLComponents+Extensions.swift */; };
		369FFD65242E46ED00EA9A66 /* URLComponents+Extensions.swift in Sources */ = {isa = PBXBuildFile; fileRef = 369FFD5A242E44EA00EA9A66 /* URLComponents+Extensions.swift */; };
		369FFD66242E46F000EA9A66 /* URLRequest+Extensions.swift in Sources */ = {isa = PBXBuildFile; fileRef = 369FFD58242E43BB00EA9A66 /* URLRequest+Extensions.swift */; };
		369FFD67242E46F000EA9A66 /* URLRequest+Extensions.swift in Sources */ = {isa = PBXBuildFile; fileRef = 369FFD58242E43BB00EA9A66 /* URLRequest+Extensions.swift */; };
		369FFD68242E46F400EA9A66 /* BussinessesAPI.swift in Sources */ = {isa = PBXBuildFile; fileRef = 3620D0DC242B19BD00E4DE80 /* BussinessesAPI.swift */; };
		369FFD69242E46F500EA9A66 /* BussinessesAPI.swift in Sources */ = {isa = PBXBuildFile; fileRef = 3620D0DC242B19BD00E4DE80 /* BussinessesAPI.swift */; };
		369FFD6A242E46F800EA9A66 /* URLSessionProvider.swift in Sources */ = {isa = PBXBuildFile; fileRef = 3620D0DA242B160C00E4DE80 /* URLSessionProvider.swift */; };
		369FFD6B242E46F900EA9A66 /* URLSessionProvider.swift in Sources */ = {isa = PBXBuildFile; fileRef = 3620D0DA242B160C00E4DE80 /* URLSessionProvider.swift */; };
		369FFD6C242E46FB00EA9A66 /* NetworkResponse.swift in Sources */ = {isa = PBXBuildFile; fileRef = 369FFD5C242E451100EA9A66 /* NetworkResponse.swift */; };
		369FFD6D242E46FC00EA9A66 /* NetworkResponse.swift in Sources */ = {isa = PBXBuildFile; fileRef = 369FFD5C242E451100EA9A66 /* NetworkResponse.swift */; };
		369FFD6E242E470000EA9A66 /* PhotosAPIService.swift in Sources */ = {isa = PBXBuildFile; fileRef = 369FFD5E242E469800EA9A66 /* PhotosAPIService.swift */; };
		369FFD6F242E470100EA9A66 /* PhotosAPIService.swift in Sources */ = {isa = PBXBuildFile; fileRef = 369FFD5E242E469800EA9A66 /* PhotosAPIService.swift */; };
		369FFD70242E470500EA9A66 /* EndPointType.swift in Sources */ = {isa = PBXBuildFile; fileRef = 3620D0D0242AC8B200E4DE80 /* EndPointType.swift */; };
		369FFD71242E470700EA9A66 /* EndPointType.swift in Sources */ = {isa = PBXBuildFile; fileRef = 3620D0D0242AC8B200E4DE80 /* EndPointType.swift */; };
		369FFD72242E470A00EA9A66 /* HTTPMethod.swift in Sources */ = {isa = PBXBuildFile; fileRef = 3620D0D2242ACB8D00E4DE80 /* HTTPMethod.swift */; };
		369FFD73242E470B00EA9A66 /* HTTPMethod.swift in Sources */ = {isa = PBXBuildFile; fileRef = 3620D0D2242ACB8D00E4DE80 /* HTTPMethod.swift */; };
		369FFD74242E470D00EA9A66 /* HTTPTask.swift in Sources */ = {isa = PBXBuildFile; fileRef = 3620D0D4242ACE7300E4DE80 /* HTTPTask.swift */; };
		369FFD75242E470F00EA9A66 /* HTTPTask.swift in Sources */ = {isa = PBXBuildFile; fileRef = 3620D0D4242ACE7300E4DE80 /* HTTPTask.swift */; };
		369FFD76242E471200EA9A66 /* ParameterEncoding.swift in Sources */ = {isa = PBXBuildFile; fileRef = 3620D0D6242B0BDA00E4DE80 /* ParameterEncoding.swift */; };
		369FFD78242E471400EA9A66 /* ParameterEncoding.swift in Sources */ = {isa = PBXBuildFile; fileRef = 3620D0D6242B0BDA00E4DE80 /* ParameterEncoding.swift */; };
		369FFD79242E471800EA9A66 /* URLSessionProtoccol.swift in Sources */ = {isa = PBXBuildFile; fileRef = 3620D0D8242B156500E4DE80 /* URLSessionProtoccol.swift */; };
		369FFD7A242E471900EA9A66 /* URLSessionProtoccol.swift in Sources */ = {isa = PBXBuildFile; fileRef = 3620D0D8242B156500E4DE80 /* URLSessionProtoccol.swift */; };
		369FFD7B242E471C00EA9A66 /* LocationManager.swift in Sources */ = {isa = PBXBuildFile; fileRef = 36EEFF2E242D72FA00452478 /* LocationManager.swift */; };
		369FFD7C242E471C00EA9A66 /* LocationManager.swift in Sources */ = {isa = PBXBuildFile; fileRef = 36EEFF2E242D72FA00452478 /* LocationManager.swift */; };
		369FFD7D242E471F00EA9A66 /* Location.swift in Sources */ = {isa = PBXBuildFile; fileRef = 369FFD54242E3C8200EA9A66 /* Location.swift */; };
		369FFD7E242E472000EA9A66 /* Location.swift in Sources */ = {isa = PBXBuildFile; fileRef = 369FFD54242E3C8200EA9A66 /* Location.swift */; };
		369FFD7F242E472400EA9A66 /* Business.swift in Sources */ = {isa = PBXBuildFile; fileRef = 5ABB14B42167C6EB00A2CB2C /* Business.swift */; };
		369FFD80242E472500EA9A66 /* Business.swift in Sources */ = {isa = PBXBuildFile; fileRef = 5ABB14B42167C6EB00A2CB2C /* Business.swift */; };
		369FFD81242E472A00EA9A66 /* BusinessResponse.swift in Sources */ = {isa = PBXBuildFile; fileRef = 36EEFF28242C597600452478 /* BusinessResponse.swift */; };
		369FFD82242E472B00EA9A66 /* BusinessResponse.swift in Sources */ = {isa = PBXBuildFile; fileRef = 36EEFF28242C597600452478 /* BusinessResponse.swift */; };
		369FFD83242E473000EA9A66 /* BusinessCell.swift in Sources */ = {isa = PBXBuildFile; fileRef = 5ABB14BD2167D2D900A2CB2C /* BusinessCell.swift */; };
		369FFD84242E473100EA9A66 /* BusinessCell.swift in Sources */ = {isa = PBXBuildFile; fileRef = 5ABB14BD2167D2D900A2CB2C /* BusinessCell.swift */; };
		369FFD85242E473A00EA9A66 /* AppDelegate.swift in Sources */ = {isa = PBXBuildFile; fileRef = 5ABB147C2167C42300A2CB2C /* AppDelegate.swift */; };
		369FFD86242E473B00EA9A66 /* AppDelegate.swift in Sources */ = {isa = PBXBuildFile; fileRef = 5ABB147C2167C42300A2CB2C /* AppDelegate.swift */; };
		369FFD87242E474400EA9A66 /* LaunchScreen.storyboard in Resources */ = {isa = PBXBuildFile; fileRef = 5ABB14872167C42600A2CB2C /* LaunchScreen.storyboard */; };
		369FFD88242E474500EA9A66 /* LaunchScreen.storyboard in Resources */ = {isa = PBXBuildFile; fileRef = 5ABB14872167C42600A2CB2C /* LaunchScreen.storyboard */; };
		369FFD89242E474B00EA9A66 /* BusinessCell.xib in Resources */ = {isa = PBXBuildFile; fileRef = 5ABB14BF2167D31100A2CB2C /* BusinessCell.xib */; };
		369FFD8A242E474C00EA9A66 /* BusinessCell.xib in Resources */ = {isa = PBXBuildFile; fileRef = 5ABB14BF2167D31100A2CB2C /* BusinessCell.xib */; };
		369FFD8B242E475300EA9A66 /* Favorites.storyboard in Resources */ = {isa = PBXBuildFile; fileRef = 5ABB14C12167D50300A2CB2C /* Favorites.storyboard */; };
		369FFD8C242E475400EA9A66 /* Favorites.storyboard in Resources */ = {isa = PBXBuildFile; fileRef = 5ABB14C12167D50300A2CB2C /* Favorites.storyboard */; };
		369FFD8D242E475800EA9A66 /* FavoritesViewController.swift in Sources */ = {isa = PBXBuildFile; fileRef = 5ABB14802167C42300A2CB2C /* FavoritesViewController.swift */; };
		369FFD8E242E475900EA9A66 /* FavoritesViewController.swift in Sources */ = {isa = PBXBuildFile; fileRef = 5ABB14802167C42300A2CB2C /* FavoritesViewController.swift */; };
		369FFD8F242E475D00EA9A66 /* Favorite.swift in Sources */ = {isa = PBXBuildFile; fileRef = 5A1AC182216D668500E15B8F /* Favorite.swift */; };
		369FFD90242E475E00EA9A66 /* Favorite.swift in Sources */ = {isa = PBXBuildFile; fileRef = 5A1AC182216D668500E15B8F /* Favorite.swift */; };
		369FFD91242E476200EA9A66 /* Home.storyboard in Resources */ = {isa = PBXBuildFile; fileRef = 5ABB14C32167D51000A2CB2C /* Home.storyboard */; };
		369FFD92242E476300EA9A66 /* Home.storyboard in Resources */ = {isa = PBXBuildFile; fileRef = 5ABB14C32167D51000A2CB2C /* Home.storyboard */; };
		369FFD93242E476900EA9A66 /* HomeDetailViewController.swift in Sources */ = {isa = PBXBuildFile; fileRef = 5ABB14BB2167CF2400A2CB2C /* HomeDetailViewController.swift */; };
		369FFD94242E476A00EA9A66 /* HomeDetailViewController.swift in Sources */ = {isa = PBXBuildFile; fileRef = 5ABB14BB2167CF2400A2CB2C /* HomeDetailViewController.swift */; };
		369FFD95242E476D00EA9A66 /* HomeViewController.swift in Sources */ = {isa = PBXBuildFile; fileRef = 5ABB147E2167C42300A2CB2C /* HomeViewController.swift */; };
		369FFD96242E476E00EA9A66 /* HomeViewController.swift in Sources */ = {isa = PBXBuildFile; fileRef = 5ABB147E2167C42300A2CB2C /* HomeViewController.swift */; };
		369FFD97242E477700EA9A66 /* Main.storyboard in Resources */ = {isa = PBXBuildFile; fileRef = 5ABB14822167C42400A2CB2C /* Main.storyboard */; };
		369FFD98242E477800EA9A66 /* Main.storyboard in Resources */ = {isa = PBXBuildFile; fileRef = 5ABB14822167C42400A2CB2C /* Main.storyboard */; };
		36EEFF29242C597600452478 /* BusinessResponse.swift in Sources */ = {isa = PBXBuildFile; fileRef = 36EEFF28242C597600452478 /* BusinessResponse.swift */; };
		36EEFF2C242D29C600452478 /* UIImageView+Extensions.swift in Sources */ = {isa = PBXBuildFile; fileRef = 36EEFF2B242D29C600452478 /* UIImageView+Extensions.swift */; };
		36EEFF2F242D72FB00452478 /* LocationManager.swift in Sources */ = {isa = PBXBuildFile; fileRef = 36EEFF2E242D72FA00452478 /* LocationManager.swift */; };
		5A1AC183216D668500E15B8F /* Favorite.swift in Sources */ = {isa = PBXBuildFile; fileRef = 5A1AC182216D668500E15B8F /* Favorite.swift */; };
		5ABB147D2167C42300A2CB2C /* AppDelegate.swift in Sources */ = {isa = PBXBuildFile; fileRef = 5ABB147C2167C42300A2CB2C /* AppDelegate.swift */; };
		5ABB147F2167C42300A2CB2C /* HomeViewController.swift in Sources */ = {isa = PBXBuildFile; fileRef = 5ABB147E2167C42300A2CB2C /* HomeViewController.swift */; };
		5ABB14812167C42300A2CB2C /* FavoritesViewController.swift in Sources */ = {isa = PBXBuildFile; fileRef = 5ABB14802167C42300A2CB2C /* FavoritesViewController.swift */; };
		5ABB14842167C42400A2CB2C /* Main.storyboard in Resources */ = {isa = PBXBuildFile; fileRef = 5ABB14822167C42400A2CB2C /* Main.storyboard */; };
		5ABB14862167C42600A2CB2C /* Assets.xcassets in Resources */ = {isa = PBXBuildFile; fileRef = 5ABB14852167C42600A2CB2C /* Assets.xcassets */; };
		5ABB14892167C42600A2CB2C /* LaunchScreen.storyboard in Resources */ = {isa = PBXBuildFile; fileRef = 5ABB14872167C42600A2CB2C /* LaunchScreen.storyboard */; };
		5ABB14942167C42700A2CB2C /* YelpAPIClientTests.swift in Sources */ = {isa = PBXBuildFile; fileRef = 5ABB14932167C42700A2CB2C /* YelpAPIClientTests.swift */; };
		5ABB149F2167C42700A2CB2C /* WeedmapsChallengeUITests.swift in Sources */ = {isa = PBXBuildFile; fileRef = 5ABB149E2167C42700A2CB2C /* WeedmapsChallengeUITests.swift */; };
		5ABB14B52167C6EB00A2CB2C /* Business.swift in Sources */ = {isa = PBXBuildFile; fileRef = 5ABB14B42167C6EB00A2CB2C /* Business.swift */; };
		5ABB14BC2167CF2400A2CB2C /* HomeDetailViewController.swift in Sources */ = {isa = PBXBuildFile; fileRef = 5ABB14BB2167CF2400A2CB2C /* HomeDetailViewController.swift */; };
		5ABB14BE2167D2D900A2CB2C /* BusinessCell.swift in Sources */ = {isa = PBXBuildFile; fileRef = 5ABB14BD2167D2D900A2CB2C /* BusinessCell.swift */; };
		5ABB14C02167D31100A2CB2C /* BusinessCell.xib in Resources */ = {isa = PBXBuildFile; fileRef = 5ABB14BF2167D31100A2CB2C /* BusinessCell.xib */; };
		5ABB14C22167D50300A2CB2C /* Favorites.storyboard in Resources */ = {isa = PBXBuildFile; fileRef = 5ABB14C12167D50300A2CB2C /* Favorites.storyboard */; };
		5ABB14C42167D51000A2CB2C /* Home.storyboard in Resources */ = {isa = PBXBuildFile; fileRef = 5ABB14C32167D51000A2CB2C /* Home.storyboard */; };
		83F2EE110FEB76E98D470071 /* Pods_WeedmapsChallenge.framework in Frameworks */ = {isa = PBXBuildFile; fileRef = 2924EE8CDB2883B99F30392F /* Pods_WeedmapsChallenge.framework */; };
		97DCB0C0B7D94828B391FC2A /* Pods_WeedmapsChallengeTests.framework in Frameworks */ = {isa = PBXBuildFile; fileRef = E7C87C8E727A397680DC3145 /* Pods_WeedmapsChallengeTests.framework */; };
		A0F8F636CB8726F4C1A29A54 /* Pods_WeedmapsChallengeUITests.framework in Frameworks */ = {isa = PBXBuildFile; fileRef = 7E5898BC9F75F4500EBDA9E2 /* Pods_WeedmapsChallengeUITests.framework */; };
/* End PBXBuildFile section */

/* Begin PBXContainerItemProxy section */
		5ABB14902167C42700A2CB2C /* PBXContainerItemProxy */ = {
			isa = PBXContainerItemProxy;
			containerPortal = 5ABB14712167C42300A2CB2C /* Project object */;
			proxyType = 1;
			remoteGlobalIDString = 5ABB14782167C42300A2CB2C;
			remoteInfo = WeedmapsChallenge;
		};
		5ABB149B2167C42700A2CB2C /* PBXContainerItemProxy */ = {
			isa = PBXContainerItemProxy;
			containerPortal = 5ABB14712167C42300A2CB2C /* Project object */;
			proxyType = 1;
			remoteGlobalIDString = 5ABB14782167C42300A2CB2C;
			remoteInfo = WeedmapsChallenge;
		};
/* End PBXContainerItemProxy section */

/* Begin PBXFileReference section */
		2924EE8CDB2883B99F30392F /* Pods_WeedmapsChallenge.framework */ = {isa = PBXFileReference; explicitFileType = wrapper.framework; includeInIndex = 0; path = Pods_WeedmapsChallenge.framework; sourceTree = BUILT_PRODUCTS_DIR; };
		3620D0D0242AC8B200E4DE80 /* EndPointType.swift */ = {isa = PBXFileReference; lastKnownFileType = sourcecode.swift; path = EndPointType.swift; sourceTree = "<group>"; };
		3620D0D2242ACB8D00E4DE80 /* HTTPMethod.swift */ = {isa = PBXFileReference; lastKnownFileType = sourcecode.swift; path = HTTPMethod.swift; sourceTree = "<group>"; };
		3620D0D4242ACE7300E4DE80 /* HTTPTask.swift */ = {isa = PBXFileReference; lastKnownFileType = sourcecode.swift; path = HTTPTask.swift; sourceTree = "<group>"; };
		3620D0D6242B0BDA00E4DE80 /* ParameterEncoding.swift */ = {isa = PBXFileReference; lastKnownFileType = sourcecode.swift; path = ParameterEncoding.swift; sourceTree = "<group>"; };
		3620D0D8242B156500E4DE80 /* URLSessionProtoccol.swift */ = {isa = PBXFileReference; lastKnownFileType = sourcecode.swift; path = URLSessionProtoccol.swift; sourceTree = "<group>"; };
		3620D0DA242B160C00E4DE80 /* URLSessionProvider.swift */ = {isa = PBXFileReference; lastKnownFileType = sourcecode.swift; path = URLSessionProvider.swift; sourceTree = "<group>"; };
		3620D0DC242B19BD00E4DE80 /* BussinessesAPI.swift */ = {isa = PBXFileReference; lastKnownFileType = sourcecode.swift; path = BussinessesAPI.swift; sourceTree = "<group>"; };
		369FFD54242E3C8200EA9A66 /* Location.swift */ = {isa = PBXFileReference; lastKnownFileType = sourcecode.swift; path = Location.swift; sourceTree = "<group>"; };
		369FFD56242E435700EA9A66 /* UIImage+Extensions.swift */ = {isa = PBXFileReference; lastKnownFileType = sourcecode.swift; path = "UIImage+Extensions.swift"; sourceTree = "<group>"; };
		369FFD58242E43BB00EA9A66 /* URLRequest+Extensions.swift */ = {isa = PBXFileReference; lastKnownFileType = sourcecode.swift; path = "URLRequest+Extensions.swift"; sourceTree = "<group>"; };
		369FFD5A242E44EA00EA9A66 /* URLComponents+Extensions.swift */ = {isa = PBXFileReference; lastKnownFileType = sourcecode.swift; path = "URLComponents+Extensions.swift"; sourceTree = "<group>"; };
		369FFD5C242E451100EA9A66 /* NetworkResponse.swift */ = {isa = PBXFileReference; lastKnownFileType = sourcecode.swift; path = NetworkResponse.swift; sourceTree = "<group>"; };
		369FFD5E242E469800EA9A66 /* PhotosAPIService.swift */ = {isa = PBXFileReference; lastKnownFileType = sourcecode.swift; path = PhotosAPIService.swift; sourceTree = "<group>"; };
		36EEFF28242C597600452478 /* BusinessResponse.swift */ = {isa = PBXFileReference; lastKnownFileType = sourcecode.swift; path = BusinessResponse.swift; sourceTree = "<group>"; };
		36EEFF2B242D29C600452478 /* UIImageView+Extensions.swift */ = {isa = PBXFileReference; lastKnownFileType = sourcecode.swift; path = "UIImageView+Extensions.swift"; sourceTree = "<group>"; };
		36EEFF2E242D72FA00452478 /* LocationManager.swift */ = {isa = PBXFileReference; lastKnownFileType = sourcecode.swift; path = LocationManager.swift; sourceTree = "<group>"; };
		38478237138C959D80C9A482 /* Pods-WeedmapsChallenge.debug.xcconfig */ = {isa = PBXFileReference; includeInIndex = 1; lastKnownFileType = text.xcconfig; name = "Pods-WeedmapsChallenge.debug.xcconfig"; path = "Pods/Target Support Files/Pods-WeedmapsChallenge/Pods-WeedmapsChallenge.debug.xcconfig"; sourceTree = "<group>"; };
		390EF1E81C998005AB3BF156 /* Pods-WeedmapsChallengeUITests.release.xcconfig */ = {isa = PBXFileReference; includeInIndex = 1; lastKnownFileType = text.xcconfig; name = "Pods-WeedmapsChallengeUITests.release.xcconfig"; path = "Pods/Target Support Files/Pods-WeedmapsChallengeUITests/Pods-WeedmapsChallengeUITests.release.xcconfig"; sourceTree = "<group>"; };
		56C27B4D035F963BB6BE4684 /* Pods-WeedmapsChallengeUITests.debug.xcconfig */ = {isa = PBXFileReference; includeInIndex = 1; lastKnownFileType = text.xcconfig; name = "Pods-WeedmapsChallengeUITests.debug.xcconfig"; path = "Pods/Target Support Files/Pods-WeedmapsChallengeUITests/Pods-WeedmapsChallengeUITests.debug.xcconfig"; sourceTree = "<group>"; };
		5A1AC182216D668500E15B8F /* Favorite.swift */ = {isa = PBXFileReference; lastKnownFileType = sourcecode.swift; path = Favorite.swift; sourceTree = "<group>"; };
		5ABB14792167C42300A2CB2C /* WeedmapsChallenge.app */ = {isa = PBXFileReference; explicitFileType = wrapper.application; includeInIndex = 0; path = WeedmapsChallenge.app; sourceTree = BUILT_PRODUCTS_DIR; };
		5ABB147C2167C42300A2CB2C /* AppDelegate.swift */ = {isa = PBXFileReference; lastKnownFileType = sourcecode.swift; path = AppDelegate.swift; sourceTree = "<group>"; };
		5ABB147E2167C42300A2CB2C /* HomeViewController.swift */ = {isa = PBXFileReference; lastKnownFileType = sourcecode.swift; path = HomeViewController.swift; sourceTree = "<group>"; };
		5ABB14802167C42300A2CB2C /* FavoritesViewController.swift */ = {isa = PBXFileReference; lastKnownFileType = sourcecode.swift; path = FavoritesViewController.swift; sourceTree = "<group>"; };
		5ABB14832167C42400A2CB2C /* Base */ = {isa = PBXFileReference; lastKnownFileType = file.storyboard; name = Base; path = Base.lproj/Main.storyboard; sourceTree = "<group>"; };
		5ABB14852167C42600A2CB2C /* Assets.xcassets */ = {isa = PBXFileReference; lastKnownFileType = folder.assetcatalog; path = Assets.xcassets; sourceTree = "<group>"; };
		5ABB14882167C42600A2CB2C /* Base */ = {isa = PBXFileReference; lastKnownFileType = file.storyboard; name = Base; path = Base.lproj/LaunchScreen.storyboard; sourceTree = "<group>"; };
		5ABB148A2167C42600A2CB2C /* WeedmapsChallenge-Info.plist */ = {isa = PBXFileReference; lastKnownFileType = text.plist.xml; path = "WeedmapsChallenge-Info.plist"; sourceTree = "<group>"; };
		5ABB148F2167C42700A2CB2C /* WeedmapsChallengeTests.xctest */ = {isa = PBXFileReference; explicitFileType = wrapper.cfbundle; includeInIndex = 0; path = WeedmapsChallengeTests.xctest; sourceTree = BUILT_PRODUCTS_DIR; };
		5ABB14932167C42700A2CB2C /* YelpAPIClientTests.swift */ = {isa = PBXFileReference; lastKnownFileType = sourcecode.swift; path = YelpAPIClientTests.swift; sourceTree = "<group>"; };
		5ABB14952167C42700A2CB2C /* Info.plist */ = {isa = PBXFileReference; lastKnownFileType = text.plist.xml; path = Info.plist; sourceTree = "<group>"; };
		5ABB149A2167C42700A2CB2C /* WeedmapsChallengeUITests.xctest */ = {isa = PBXFileReference; explicitFileType = wrapper.cfbundle; includeInIndex = 0; path = WeedmapsChallengeUITests.xctest; sourceTree = BUILT_PRODUCTS_DIR; };
		5ABB149E2167C42700A2CB2C /* WeedmapsChallengeUITests.swift */ = {isa = PBXFileReference; lastKnownFileType = sourcecode.swift; path = WeedmapsChallengeUITests.swift; sourceTree = "<group>"; };
		5ABB14A02167C42700A2CB2C /* Info.plist */ = {isa = PBXFileReference; lastKnownFileType = text.plist.xml; path = Info.plist; sourceTree = "<group>"; };
		5ABB14B42167C6EB00A2CB2C /* Business.swift */ = {isa = PBXFileReference; lastKnownFileType = sourcecode.swift; path = Business.swift; sourceTree = "<group>"; };
		5ABB14BB2167CF2400A2CB2C /* HomeDetailViewController.swift */ = {isa = PBXFileReference; lastKnownFileType = sourcecode.swift; path = HomeDetailViewController.swift; sourceTree = "<group>"; };
		5ABB14BD2167D2D900A2CB2C /* BusinessCell.swift */ = {isa = PBXFileReference; lastKnownFileType = sourcecode.swift; path = BusinessCell.swift; sourceTree = "<group>"; };
		5ABB14BF2167D31100A2CB2C /* BusinessCell.xib */ = {isa = PBXFileReference; lastKnownFileType = file.xib; path = BusinessCell.xib; sourceTree = "<group>"; };
		5ABB14C12167D50300A2CB2C /* Favorites.storyboard */ = {isa = PBXFileReference; lastKnownFileType = file.storyboard; path = Favorites.storyboard; sourceTree = "<group>"; };
		5ABB14C32167D51000A2CB2C /* Home.storyboard */ = {isa = PBXFileReference; lastKnownFileType = file.storyboard; path = Home.storyboard; sourceTree = "<group>"; };
		61A720788174F8C549A2BB73 /* Pods-WeedmapsChallenge.release.xcconfig */ = {isa = PBXFileReference; includeInIndex = 1; lastKnownFileType = text.xcconfig; name = "Pods-WeedmapsChallenge.release.xcconfig"; path = "Pods/Target Support Files/Pods-WeedmapsChallenge/Pods-WeedmapsChallenge.release.xcconfig"; sourceTree = "<group>"; };
		7E5898BC9F75F4500EBDA9E2 /* Pods_WeedmapsChallengeUITests.framework */ = {isa = PBXFileReference; explicitFileType = wrapper.framework; includeInIndex = 0; path = Pods_WeedmapsChallengeUITests.framework; sourceTree = BUILT_PRODUCTS_DIR; };
		D7F41E6A3E83D6BEDB401171 /* Pods-WeedmapsChallengeTests.release.xcconfig */ = {isa = PBXFileReference; includeInIndex = 1; lastKnownFileType = text.xcconfig; name = "Pods-WeedmapsChallengeTests.release.xcconfig"; path = "Pods/Target Support Files/Pods-WeedmapsChallengeTests/Pods-WeedmapsChallengeTests.release.xcconfig"; sourceTree = "<group>"; };
		E5CD667392B1B4ABFB0BC0A3 /* Pods-WeedmapsChallengeTests.debug.xcconfig */ = {isa = PBXFileReference; includeInIndex = 1; lastKnownFileType = text.xcconfig; name = "Pods-WeedmapsChallengeTests.debug.xcconfig"; path = "Pods/Target Support Files/Pods-WeedmapsChallengeTests/Pods-WeedmapsChallengeTests.debug.xcconfig"; sourceTree = "<group>"; };
		E7C87C8E727A397680DC3145 /* Pods_WeedmapsChallengeTests.framework */ = {isa = PBXFileReference; explicitFileType = wrapper.framework; includeInIndex = 0; path = Pods_WeedmapsChallengeTests.framework; sourceTree = BUILT_PRODUCTS_DIR; };
/* End PBXFileReference section */

/* Begin PBXFrameworksBuildPhase section */
		5ABB14762167C42300A2CB2C /* Frameworks */ = {
			isa = PBXFrameworksBuildPhase;
			buildActionMask = 2147483647;
			files = (
				83F2EE110FEB76E98D470071 /* Pods_WeedmapsChallenge.framework in Frameworks */,
			);
			runOnlyForDeploymentPostprocessing = 0;
		};
		5ABB148C2167C42700A2CB2C /* Frameworks */ = {
			isa = PBXFrameworksBuildPhase;
			buildActionMask = 2147483647;
			files = (
				97DCB0C0B7D94828B391FC2A /* Pods_WeedmapsChallengeTests.framework in Frameworks */,
			);
			runOnlyForDeploymentPostprocessing = 0;
		};
		5ABB14972167C42700A2CB2C /* Frameworks */ = {
			isa = PBXFrameworksBuildPhase;
			buildActionMask = 2147483647;
			files = (
				A0F8F636CB8726F4C1A29A54 /* Pods_WeedmapsChallengeUITests.framework in Frameworks */,
			);
			runOnlyForDeploymentPostprocessing = 0;
		};
/* End PBXFrameworksBuildPhase section */

/* Begin PBXGroup section */
		1523607573D9F740B566DF3D /* Frameworks */ = {
			isa = PBXGroup;
			children = (
				2924EE8CDB2883B99F30392F /* Pods_WeedmapsChallenge.framework */,
				E7C87C8E727A397680DC3145 /* Pods_WeedmapsChallengeTests.framework */,
				7E5898BC9F75F4500EBDA9E2 /* Pods_WeedmapsChallengeUITests.framework */,
			);
			name = Frameworks;
			sourceTree = "<group>";
		};
		3620D0CD242ABEDC00E4DE80 /* Endpoint */ = {
			isa = PBXGroup;
			children = (
				3620D0DC242B19BD00E4DE80 /* BussinessesAPI.swift */,
			);
			path = Endpoint;
			sourceTree = "<group>";
		};
		3620D0CE242ABEEB00E4DE80 /* Manager */ = {
			isa = PBXGroup;
			children = (
				3620D0DA242B160C00E4DE80 /* URLSessionProvider.swift */,
				369FFD5C242E451100EA9A66 /* NetworkResponse.swift */,
				369FFD5E242E469800EA9A66 /* PhotosAPIService.swift */,
			);
			path = Manager;
			sourceTree = "<group>";
		};
		3620D0CF242ABEF200E4DE80 /* Service */ = {
			isa = PBXGroup;
			children = (
				3620D0D0242AC8B200E4DE80 /* EndPointType.swift */,
				3620D0D2242ACB8D00E4DE80 /* HTTPMethod.swift */,
				3620D0D4242ACE7300E4DE80 /* HTTPTask.swift */,
				3620D0D6242B0BDA00E4DE80 /* ParameterEncoding.swift */,
				3620D0D8242B156500E4DE80 /* URLSessionProtoccol.swift */,
			);
			path = Service;
			sourceTree = "<group>";
		};
		3672EB51242A829600905E57 /* Network */ = {
			isa = PBXGroup;
			children = (
				3620D0CD242ABEDC00E4DE80 /* Endpoint */,
				3620D0CE242ABEEB00E4DE80 /* Manager */,
				3620D0CF242ABEF200E4DE80 /* Service */,
			);
			path = Network;
			sourceTree = "<group>";
		};
		36EEFF2A242D29A600452478 /* Extensions */ = {
			isa = PBXGroup;
			children = (
				36EEFF2B242D29C600452478 /* UIImageView+Extensions.swift */,
				369FFD56242E435700EA9A66 /* UIImage+Extensions.swift */,
				369FFD58242E43BB00EA9A66 /* URLRequest+Extensions.swift */,
				369FFD5A242E44EA00EA9A66 /* URLComponents+Extensions.swift */,
			);
			path = Extensions;
			sourceTree = "<group>";
		};
		36EEFF2D242D72D900452478 /* Location */ = {
			isa = PBXGroup;
			children = (
				36EEFF2E242D72FA00452478 /* LocationManager.swift */,
				369FFD54242E3C8200EA9A66 /* Location.swift */,
			);
			path = Location;
			sourceTree = "<group>";
		};
		5ABB14702167C42300A2CB2C = {
			isa = PBXGroup;
			children = (
				5ABB147B2167C42300A2CB2C /* WeedmapsChallenge */,
				5ABB14922167C42700A2CB2C /* WeedmapsChallengeTests */,
				5ABB149D2167C42700A2CB2C /* WeedmapsChallengeUITests */,
				5ABB147A2167C42300A2CB2C /* Products */,
				FA453FA14D74C5D61318180A /* Pods */,
				1523607573D9F740B566DF3D /* Frameworks */,
			);
			sourceTree = "<group>";
		};
		5ABB147A2167C42300A2CB2C /* Products */ = {
			isa = PBXGroup;
			children = (
				5ABB14792167C42300A2CB2C /* WeedmapsChallenge.app */,
				5ABB148F2167C42700A2CB2C /* WeedmapsChallengeTests.xctest */,
				5ABB149A2167C42700A2CB2C /* WeedmapsChallengeUITests.xctest */,
			);
			name = Products;
			sourceTree = "<group>";
		};
		5ABB147B2167C42300A2CB2C /* WeedmapsChallenge */ = {
			isa = PBXGroup;
			children = (
				5ABB14B12167C65000A2CB2C /* Assets */,
				36EEFF2A242D29A600452478 /* Extensions */,
				3672EB51242A829600905E57 /* Network */,
				5ABB14AE2167C62400A2CB2C /* Sources */,
			);
			path = WeedmapsChallenge;
			sourceTree = "<group>";
		};
		5ABB14922167C42700A2CB2C /* WeedmapsChallengeTests */ = {
			isa = PBXGroup;
			children = (
				5ABB14932167C42700A2CB2C /* YelpAPIClientTests.swift */,
				5ABB14952167C42700A2CB2C /* Info.plist */,
			);
			path = WeedmapsChallengeTests;
			sourceTree = "<group>";
		};
		5ABB149D2167C42700A2CB2C /* WeedmapsChallengeUITests */ = {
			isa = PBXGroup;
			children = (
				5ABB149E2167C42700A2CB2C /* WeedmapsChallengeUITests.swift */,
				5ABB14A02167C42700A2CB2C /* Info.plist */,
			);
			path = WeedmapsChallengeUITests;
			sourceTree = "<group>";
		};
		5ABB14AC2167C5DD00A2CB2C /* Home */ = {
			isa = PBXGroup;
			children = (
				5ABB14C32167D51000A2CB2C /* Home.storyboard */,
				5ABB14BB2167CF2400A2CB2C /* HomeDetailViewController.swift */,
				5ABB147E2167C42300A2CB2C /* HomeViewController.swift */,
			);
			path = Home;
			sourceTree = "<group>";
		};
		5ABB14AD2167C5E600A2CB2C /* Favorites */ = {
			isa = PBXGroup;
			children = (
				5ABB14C12167D50300A2CB2C /* Favorites.storyboard */,
				5ABB14802167C42300A2CB2C /* FavoritesViewController.swift */,
				5A1AC182216D668500E15B8F /* Favorite.swift */,
			);
			path = Favorites;
			sourceTree = "<group>";
		};
		5ABB14AE2167C62400A2CB2C /* Sources */ = {
			isa = PBXGroup;
			children = (
				36EEFF2D242D72D900452478 /* Location */,
				5ABB14B32167C6DA00A2CB2C /* Business */,
				5ABB14AF2167C63000A2CB2C /* Bootstrap */,
				5ABB14AD2167C5E600A2CB2C /* Favorites */,
				5ABB14AC2167C5DD00A2CB2C /* Home */,
				5ABB14B02167C64100A2CB2C /* Navigation */,
			);
			path = Sources;
			sourceTree = "<group>";
		};
		5ABB14AF2167C63000A2CB2C /* Bootstrap */ = {
			isa = PBXGroup;
			children = (
				5ABB147C2167C42300A2CB2C /* AppDelegate.swift */,
				5ABB14872167C42600A2CB2C /* LaunchScreen.storyboard */,
			);
			path = Bootstrap;
			sourceTree = "<group>";
		};
		5ABB14B02167C64100A2CB2C /* Navigation */ = {
			isa = PBXGroup;
			children = (
				5ABB14822167C42400A2CB2C /* Main.storyboard */,
			);
			path = Navigation;
			sourceTree = "<group>";
		};
		5ABB14B12167C65000A2CB2C /* Assets */ = {
			isa = PBXGroup;
			children = (
				5ABB14852167C42600A2CB2C /* Assets.xcassets */,
				5ABB14B22167C68300A2CB2C /* Plists */,
			);
			path = Assets;
			sourceTree = "<group>";
		};
		5ABB14B22167C68300A2CB2C /* Plists */ = {
			isa = PBXGroup;
			children = (
				5ABB148A2167C42600A2CB2C /* WeedmapsChallenge-Info.plist */,
			);
			path = Plists;
			sourceTree = "<group>";
		};
		5ABB14B32167C6DA00A2CB2C /* Business */ = {
			isa = PBXGroup;
			children = (
				5ABB14B42167C6EB00A2CB2C /* Business.swift */,
				36EEFF28242C597600452478 /* BusinessResponse.swift */,
				5ABB14BD2167D2D900A2CB2C /* BusinessCell.swift */,
				5ABB14BF2167D31100A2CB2C /* BusinessCell.xib */,
			);
			path = Business;
			sourceTree = "<group>";
		};
		FA453FA14D74C5D61318180A /* Pods */ = {
			isa = PBXGroup;
			children = (
				38478237138C959D80C9A482 /* Pods-WeedmapsChallenge.debug.xcconfig */,
				61A720788174F8C549A2BB73 /* Pods-WeedmapsChallenge.release.xcconfig */,
				E5CD667392B1B4ABFB0BC0A3 /* Pods-WeedmapsChallengeTests.debug.xcconfig */,
				D7F41E6A3E83D6BEDB401171 /* Pods-WeedmapsChallengeTests.release.xcconfig */,
				56C27B4D035F963BB6BE4684 /* Pods-WeedmapsChallengeUITests.debug.xcconfig */,
				390EF1E81C998005AB3BF156 /* Pods-WeedmapsChallengeUITests.release.xcconfig */,
			);
			name = Pods;
			sourceTree = "<group>";
		};
/* End PBXGroup section */

/* Begin PBXNativeTarget section */
		5ABB14782167C42300A2CB2C /* WeedmapsChallenge */ = {
			isa = PBXNativeTarget;
			buildConfigurationList = 5ABB14A32167C42700A2CB2C /* Build configuration list for PBXNativeTarget "WeedmapsChallenge" */;
			buildPhases = (
				E166F8691E1E199943877682 /* [CP] Check Pods Manifest.lock */,
				5ABB14752167C42300A2CB2C /* Sources */,
				5ABB14762167C42300A2CB2C /* Frameworks */,
				5ABB14772167C42300A2CB2C /* Resources */,
				F9C611B82A31399D7C0FA903 /* [CP] Embed Pods Frameworks */,
			);
			buildRules = (
			);
			dependencies = (
			);
			name = WeedmapsChallenge;
			productName = WeedmapsChallenge;
			productReference = 5ABB14792167C42300A2CB2C /* WeedmapsChallenge.app */;
			productType = "com.apple.product-type.application";
		};
		5ABB148E2167C42700A2CB2C /* WeedmapsChallengeTests */ = {
			isa = PBXNativeTarget;
			buildConfigurationList = 5ABB14A62167C42700A2CB2C /* Build configuration list for PBXNativeTarget "WeedmapsChallengeTests" */;
			buildPhases = (
				C8DA347DD1AF5B09BC1901DC /* [CP] Check Pods Manifest.lock */,
				5ABB148B2167C42700A2CB2C /* Sources */,
				5ABB148C2167C42700A2CB2C /* Frameworks */,
				5ABB148D2167C42700A2CB2C /* Resources */,
			);
			buildRules = (
			);
			dependencies = (
				5ABB14912167C42700A2CB2C /* PBXTargetDependency */,
			);
			name = WeedmapsChallengeTests;
			productName = WeedmapsChallengeTests;
			productReference = 5ABB148F2167C42700A2CB2C /* WeedmapsChallengeTests.xctest */;
			productType = "com.apple.product-type.bundle.unit-test";
		};
		5ABB14992167C42700A2CB2C /* WeedmapsChallengeUITests */ = {
			isa = PBXNativeTarget;
			buildConfigurationList = 5ABB14A92167C42700A2CB2C /* Build configuration list for PBXNativeTarget "WeedmapsChallengeUITests" */;
			buildPhases = (
				1CE8FEBEC5E53728BDF64C25 /* [CP] Check Pods Manifest.lock */,
				5ABB14962167C42700A2CB2C /* Sources */,
				5ABB14972167C42700A2CB2C /* Frameworks */,
				5ABB14982167C42700A2CB2C /* Resources */,
			);
			buildRules = (
			);
			dependencies = (
				5ABB149C2167C42700A2CB2C /* PBXTargetDependency */,
			);
			name = WeedmapsChallengeUITests;
			productName = WeedmapsChallengeUITests;
			productReference = 5ABB149A2167C42700A2CB2C /* WeedmapsChallengeUITests.xctest */;
			productType = "com.apple.product-type.bundle.ui-testing";
		};
/* End PBXNativeTarget section */

/* Begin PBXProject section */
		5ABB14712167C42300A2CB2C /* Project object */ = {
			isa = PBXProject;
			attributes = {
				LastSwiftUpdateCheck = 1000;
				LastUpgradeCheck = 1000;
				ORGANIZATIONNAME = "Weedmaps, LLC";
				TargetAttributes = {
					5ABB14782167C42300A2CB2C = {
						CreatedOnToolsVersion = 10.0;
					};
					5ABB148E2167C42700A2CB2C = {
						CreatedOnToolsVersion = 10.0;
						TestTargetID = 5ABB14782167C42300A2CB2C;
					};
					5ABB14992167C42700A2CB2C = {
						CreatedOnToolsVersion = 10.0;
						TestTargetID = 5ABB14782167C42300A2CB2C;
					};
				};
			};
			buildConfigurationList = 5ABB14742167C42300A2CB2C /* Build configuration list for PBXProject "WeedmapsChallenge" */;
			compatibilityVersion = "Xcode 9.3";
			developmentRegion = en;
			hasScannedForEncodings = 0;
			knownRegions = (
				en,
				Base,
			);
			mainGroup = 5ABB14702167C42300A2CB2C;
			productRefGroup = 5ABB147A2167C42300A2CB2C /* Products */;
			projectDirPath = "";
			projectRoot = "";
			targets = (
				5ABB14782167C42300A2CB2C /* WeedmapsChallenge */,
				5ABB148E2167C42700A2CB2C /* WeedmapsChallengeTests */,
				5ABB14992167C42700A2CB2C /* WeedmapsChallengeUITests */,
			);
		};
/* End PBXProject section */

/* Begin PBXResourcesBuildPhase section */
		5ABB14772167C42300A2CB2C /* Resources */ = {
			isa = PBXResourcesBuildPhase;
			buildActionMask = 2147483647;
			files = (
				5ABB14892167C42600A2CB2C /* LaunchScreen.storyboard in Resources */,
				5ABB14C02167D31100A2CB2C /* BusinessCell.xib in Resources */,
				5ABB14862167C42600A2CB2C /* Assets.xcassets in Resources */,
				5ABB14C42167D51000A2CB2C /* Home.storyboard in Resources */,
				5ABB14842167C42400A2CB2C /* Main.storyboard in Resources */,
				5ABB14C22167D50300A2CB2C /* Favorites.storyboard in Resources */,
			);
			runOnlyForDeploymentPostprocessing = 0;
		};
		5ABB148D2167C42700A2CB2C /* Resources */ = {
			isa = PBXResourcesBuildPhase;
			buildActionMask = 2147483647;
			files = (
				369FFD87242E474400EA9A66 /* LaunchScreen.storyboard in Resources */,
				369FFD97242E477700EA9A66 /* Main.storyboard in Resources */,
				369FFD89242E474B00EA9A66 /* BusinessCell.xib in Resources */,
				369FFD8B242E475300EA9A66 /* Favorites.storyboard in Resources */,
				369FFD91242E476200EA9A66 /* Home.storyboard in Resources */,
			);
			runOnlyForDeploymentPostprocessing = 0;
		};
		5ABB14982167C42700A2CB2C /* Resources */ = {
			isa = PBXResourcesBuildPhase;
			buildActionMask = 2147483647;
			files = (
				369FFD88242E474500EA9A66 /* LaunchScreen.storyboard in Resources */,
				369FFD98242E477800EA9A66 /* Main.storyboard in Resources */,
				369FFD8A242E474C00EA9A66 /* BusinessCell.xib in Resources */,
				369FFD8C242E475400EA9A66 /* Favorites.storyboard in Resources */,
				369FFD92242E476300EA9A66 /* Home.storyboard in Resources */,
			);
			runOnlyForDeploymentPostprocessing = 0;
		};
/* End PBXResourcesBuildPhase section */

/* Begin PBXShellScriptBuildPhase section */
		1CE8FEBEC5E53728BDF64C25 /* [CP] Check Pods Manifest.lock */ = {
			isa = PBXShellScriptBuildPhase;
			buildActionMask = 2147483647;
			files = (
			);
			inputFileListPaths = (
			);
			inputPaths = (
				"${PODS_PODFILE_DIR_PATH}/Podfile.lock",
				"${PODS_ROOT}/Manifest.lock",
			);
			name = "[CP] Check Pods Manifest.lock";
			outputFileListPaths = (
			);
			outputPaths = (
				"$(DERIVED_FILE_DIR)/Pods-WeedmapsChallengeUITests-checkManifestLockResult.txt",
			);
			runOnlyForDeploymentPostprocessing = 0;
			shellPath = /bin/sh;
			shellScript = "diff \"${PODS_PODFILE_DIR_PATH}/Podfile.lock\" \"${PODS_ROOT}/Manifest.lock\" > /dev/null\nif [ $? != 0 ] ; then\n    # print error to STDERR\n    echo \"error: The sandbox is not in sync with the Podfile.lock. Run 'pod install' or update your CocoaPods installation.\" >&2\n    exit 1\nfi\n# This output is used by Xcode 'outputs' to avoid re-running this script phase.\necho \"SUCCESS\" > \"${SCRIPT_OUTPUT_FILE_0}\"\n";
			showEnvVarsInLog = 0;
		};
		C8DA347DD1AF5B09BC1901DC /* [CP] Check Pods Manifest.lock */ = {
			isa = PBXShellScriptBuildPhase;
			buildActionMask = 2147483647;
			files = (
			);
			inputFileListPaths = (
			);
			inputPaths = (
				"${PODS_PODFILE_DIR_PATH}/Podfile.lock",
				"${PODS_ROOT}/Manifest.lock",
			);
			name = "[CP] Check Pods Manifest.lock";
			outputFileListPaths = (
			);
			outputPaths = (
				"$(DERIVED_FILE_DIR)/Pods-WeedmapsChallengeTests-checkManifestLockResult.txt",
			);
			runOnlyForDeploymentPostprocessing = 0;
			shellPath = /bin/sh;
			shellScript = "diff \"${PODS_PODFILE_DIR_PATH}/Podfile.lock\" \"${PODS_ROOT}/Manifest.lock\" > /dev/null\nif [ $? != 0 ] ; then\n    # print error to STDERR\n    echo \"error: The sandbox is not in sync with the Podfile.lock. Run 'pod install' or update your CocoaPods installation.\" >&2\n    exit 1\nfi\n# This output is used by Xcode 'outputs' to avoid re-running this script phase.\necho \"SUCCESS\" > \"${SCRIPT_OUTPUT_FILE_0}\"\n";
			showEnvVarsInLog = 0;
		};
		E166F8691E1E199943877682 /* [CP] Check Pods Manifest.lock */ = {
			isa = PBXShellScriptBuildPhase;
			buildActionMask = 2147483647;
			files = (
			);
			inputFileListPaths = (
			);
			inputPaths = (
				"${PODS_PODFILE_DIR_PATH}/Podfile.lock",
				"${PODS_ROOT}/Manifest.lock",
			);
			name = "[CP] Check Pods Manifest.lock";
			outputFileListPaths = (
			);
			outputPaths = (
				"$(DERIVED_FILE_DIR)/Pods-WeedmapsChallenge-checkManifestLockResult.txt",
			);
			runOnlyForDeploymentPostprocessing = 0;
			shellPath = /bin/sh;
			shellScript = "diff \"${PODS_PODFILE_DIR_PATH}/Podfile.lock\" \"${PODS_ROOT}/Manifest.lock\" > /dev/null\nif [ $? != 0 ] ; then\n    # print error to STDERR\n    echo \"error: The sandbox is not in sync with the Podfile.lock. Run 'pod install' or update your CocoaPods installation.\" >&2\n    exit 1\nfi\n# This output is used by Xcode 'outputs' to avoid re-running this script phase.\necho \"SUCCESS\" > \"${SCRIPT_OUTPUT_FILE_0}\"\n";
			showEnvVarsInLog = 0;
		};
		F9C611B82A31399D7C0FA903 /* [CP] Embed Pods Frameworks */ = {
			isa = PBXShellScriptBuildPhase;
			buildActionMask = 2147483647;
			files = (
			);
			inputFileListPaths = (
				"${PODS_ROOT}/Target Support Files/Pods-WeedmapsChallenge/Pods-WeedmapsChallenge-frameworks-${CONFIGURATION}-input-files.xcfilelist",
			);
			name = "[CP] Embed Pods Frameworks";
			outputFileListPaths = (
				"${PODS_ROOT}/Target Support Files/Pods-WeedmapsChallenge/Pods-WeedmapsChallenge-frameworks-${CONFIGURATION}-output-files.xcfilelist",
			);
			runOnlyForDeploymentPostprocessing = 0;
			shellPath = /bin/sh;
			shellScript = "\"${PODS_ROOT}/Target Support Files/Pods-WeedmapsChallenge/Pods-WeedmapsChallenge-frameworks.sh\"\n";
			showEnvVarsInLog = 0;
		};
/* End PBXShellScriptBuildPhase section */

/* Begin PBXSourcesBuildPhase section */
		5ABB14752167C42300A2CB2C /* Sources */ = {
			isa = PBXSourcesBuildPhase;
			buildActionMask = 2147483647;
			files = (
				3620D0D1242AC8B200E4DE80 /* EndPointType.swift in Sources */,
				36EEFF2F242D72FB00452478 /* LocationManager.swift in Sources */,
				5ABB14812167C42300A2CB2C /* FavoritesViewController.swift in Sources */,
				5A1AC183216D668500E15B8F /* Favorite.swift in Sources */,
				369FFD55242E3C8200EA9A66 /* Location.swift in Sources */,
				5ABB14BE2167D2D900A2CB2C /* BusinessCell.swift in Sources */,
				3620D0DD242B19BD00E4DE80 /* BussinessesAPI.swift in Sources */,
				3620D0DB242B160C00E4DE80 /* URLSessionProvider.swift in Sources */,
				3620D0D9242B156500E4DE80 /* URLSessionProtoccol.swift in Sources */,
				5ABB14B52167C6EB00A2CB2C /* Business.swift in Sources */,
				3620D0D7242B0BDA00E4DE80 /* ParameterEncoding.swift in Sources */,
				3620D0D3242ACB8D00E4DE80 /* HTTPMethod.swift in Sources */,
				3620D0D5242ACE7300E4DE80 /* HTTPTask.swift in Sources */,
				369FFD59242E43BB00EA9A66 /* URLRequest+Extensions.swift in Sources */,
				5ABB147D2167C42300A2CB2C /* AppDelegate.swift in Sources */,
				36EEFF29242C597600452478 /* BusinessResponse.swift in Sources */,
				5ABB147F2167C42300A2CB2C /* HomeViewController.swift in Sources */,
				369FFD5B242E44EA00EA9A66 /* URLComponents+Extensions.swift in Sources */,
				369FFD57242E435700EA9A66 /* UIImage+Extensions.swift in Sources */,
				369FFD5D242E451100EA9A66 /* NetworkResponse.swift in Sources */,
				369FFD5F242E469800EA9A66 /* PhotosAPIService.swift in Sources */,
				36EEFF2C242D29C600452478 /* UIImageView+Extensions.swift in Sources */,
				5ABB14BC2167CF2400A2CB2C /* HomeDetailViewController.swift in Sources */,
			);
			runOnlyForDeploymentPostprocessing = 0;
		};
		5ABB148B2167C42700A2CB2C /* Sources */ = {
			isa = PBXSourcesBuildPhase;
			buildActionMask = 2147483647;
			files = (
				369FFD79242E471800EA9A66 /* URLSessionProtoccol.swift in Sources */,
				369FFD74242E470D00EA9A66 /* HTTPTask.swift in Sources */,
				369FFD7D242E471F00EA9A66 /* Location.swift in Sources */,
				369FFD7F242E472400EA9A66 /* Business.swift in Sources */,
				369FFD7B242E471C00EA9A66 /* LocationManager.swift in Sources */,
				369FFD62242E46E800EA9A66 /* UIImage+Extensions.swift in Sources */,
				369FFD6C242E46FB00EA9A66 /* NetworkResponse.swift in Sources */,
				369FFD64242E46EC00EA9A66 /* URLComponents+Extensions.swift in Sources */,
				369FFD85242E473A00EA9A66 /* AppDelegate.swift in Sources */,
				369FFD72242E470A00EA9A66 /* HTTPMethod.swift in Sources */,
				369FFD68242E46F400EA9A66 /* BussinessesAPI.swift in Sources */,
				369FFD95242E476D00EA9A66 /* HomeViewController.swift in Sources */,
				369FFD83242E473000EA9A66 /* BusinessCell.swift in Sources */,
				369FFD60242E46E500EA9A66 /* UIImageView+Extensions.swift in Sources */,
				369FFD76242E471200EA9A66 /* ParameterEncoding.swift in Sources */,
				369FFD81242E472A00EA9A66 /* BusinessResponse.swift in Sources */,
				369FFD66242E46F000EA9A66 /* URLRequest+Extensions.swift in Sources */,
				369FFD8D242E475800EA9A66 /* FavoritesViewController.swift in Sources */,
				369FFD8F242E475D00EA9A66 /* Favorite.swift in Sources */,
				369FFD6A242E46F800EA9A66 /* URLSessionProvider.swift in Sources */,
				369FFD93242E476900EA9A66 /* HomeDetailViewController.swift in Sources */,
				369FFD6E242E470000EA9A66 /* PhotosAPIService.swift in Sources */,
				369FFD70242E470500EA9A66 /* EndPointType.swift in Sources */,
				5ABB14942167C42700A2CB2C /* YelpAPIClientTests.swift in Sources */,
			);
			runOnlyForDeploymentPostprocessing = 0;
		};
		5ABB14962167C42700A2CB2C /* Sources */ = {
			isa = PBXSourcesBuildPhase;
			buildActionMask = 2147483647;
			files = (
				369FFD7A242E471900EA9A66 /* URLSessionProtoccol.swift in Sources */,
				369FFD75242E470F00EA9A66 /* HTTPTask.swift in Sources */,
				369FFD7E242E472000EA9A66 /* Location.swift in Sources */,
				369FFD80242E472500EA9A66 /* Business.swift in Sources */,
				369FFD7C242E471C00EA9A66 /* LocationManager.swift in Sources */,
				369FFD63242E46E900EA9A66 /* UIImage+Extensions.swift in Sources */,
				369FFD6D242E46FC00EA9A66 /* NetworkResponse.swift in Sources */,
				369FFD65242E46ED00EA9A66 /* URLComponents+Extensions.swift in Sources */,
				369FFD86242E473B00EA9A66 /* AppDelegate.swift in Sources */,
				369FFD73242E470B00EA9A66 /* HTTPMethod.swift in Sources */,
				369FFD69242E46F500EA9A66 /* BussinessesAPI.swift in Sources */,
				369FFD96242E476E00EA9A66 /* HomeViewController.swift in Sources */,
				369FFD84242E473100EA9A66 /* BusinessCell.swift in Sources */,
				369FFD61242E46E500EA9A66 /* UIImageView+Extensions.swift in Sources */,
				369FFD78242E471400EA9A66 /* ParameterEncoding.swift in Sources */,
				369FFD82242E472B00EA9A66 /* BusinessResponse.swift in Sources */,
				369FFD67242E46F000EA9A66 /* URLRequest+Extensions.swift in Sources */,
				369FFD8E242E475900EA9A66 /* FavoritesViewController.swift in Sources */,
				369FFD90242E475E00EA9A66 /* Favorite.swift in Sources */,
				369FFD6B242E46F900EA9A66 /* URLSessionProvider.swift in Sources */,
				369FFD94242E476A00EA9A66 /* HomeDetailViewController.swift in Sources */,
				369FFD6F242E470100EA9A66 /* PhotosAPIService.swift in Sources */,
				369FFD71242E470700EA9A66 /* EndPointType.swift in Sources */,
				5ABB149F2167C42700A2CB2C /* WeedmapsChallengeUITests.swift in Sources */,
			);
			runOnlyForDeploymentPostprocessing = 0;
		};
/* End PBXSourcesBuildPhase section */

/* Begin PBXTargetDependency section */
		5ABB14912167C42700A2CB2C /* PBXTargetDependency */ = {
			isa = PBXTargetDependency;
			target = 5ABB14782167C42300A2CB2C /* WeedmapsChallenge */;
			targetProxy = 5ABB14902167C42700A2CB2C /* PBXContainerItemProxy */;
		};
		5ABB149C2167C42700A2CB2C /* PBXTargetDependency */ = {
			isa = PBXTargetDependency;
			target = 5ABB14782167C42300A2CB2C /* WeedmapsChallenge */;
			targetProxy = 5ABB149B2167C42700A2CB2C /* PBXContainerItemProxy */;
		};
/* End PBXTargetDependency section */

/* Begin PBXVariantGroup section */
		5ABB14822167C42400A2CB2C /* Main.storyboard */ = {
			isa = PBXVariantGroup;
			children = (
				5ABB14832167C42400A2CB2C /* Base */,
			);
			name = Main.storyboard;
			sourceTree = "<group>";
		};
		5ABB14872167C42600A2CB2C /* LaunchScreen.storyboard */ = {
			isa = PBXVariantGroup;
			children = (
				5ABB14882167C42600A2CB2C /* Base */,
			);
			name = LaunchScreen.storyboard;
			sourceTree = "<group>";
		};
/* End PBXVariantGroup section */

/* Begin XCBuildConfiguration section */
		5ABB14A12167C42700A2CB2C /* Debug */ = {
			isa = XCBuildConfiguration;
			buildSettings = {
				ALWAYS_SEARCH_USER_PATHS = NO;
				CLANG_ANALYZER_NONNULL = YES;
				CLANG_ANALYZER_NUMBER_OBJECT_CONVERSION = YES_AGGRESSIVE;
				CLANG_CXX_LANGUAGE_STANDARD = "gnu++14";
				CLANG_CXX_LIBRARY = "libc++";
				CLANG_ENABLE_MODULES = YES;
				CLANG_ENABLE_OBJC_ARC = YES;
				CLANG_ENABLE_OBJC_WEAK = YES;
				CLANG_WARN_BLOCK_CAPTURE_AUTORELEASING = YES;
				CLANG_WARN_BOOL_CONVERSION = YES;
				CLANG_WARN_COMMA = YES;
				CLANG_WARN_CONSTANT_CONVERSION = YES;
				CLANG_WARN_DEPRECATED_OBJC_IMPLEMENTATIONS = YES;
				CLANG_WARN_DIRECT_OBJC_ISA_USAGE = YES_ERROR;
				CLANG_WARN_DOCUMENTATION_COMMENTS = YES;
				CLANG_WARN_EMPTY_BODY = YES;
				CLANG_WARN_ENUM_CONVERSION = YES;
				CLANG_WARN_INFINITE_RECURSION = YES;
				CLANG_WARN_INT_CONVERSION = YES;
				CLANG_WARN_NON_LITERAL_NULL_CONVERSION = YES;
				CLANG_WARN_OBJC_IMPLICIT_RETAIN_SELF = YES;
				CLANG_WARN_OBJC_LITERAL_CONVERSION = YES;
				CLANG_WARN_OBJC_ROOT_CLASS = YES_ERROR;
				CLANG_WARN_RANGE_LOOP_ANALYSIS = YES;
				CLANG_WARN_STRICT_PROTOTYPES = YES;
				CLANG_WARN_SUSPICIOUS_MOVE = YES;
				CLANG_WARN_UNGUARDED_AVAILABILITY = YES_AGGRESSIVE;
				CLANG_WARN_UNREACHABLE_CODE = YES;
				CLANG_WARN__DUPLICATE_METHOD_MATCH = YES;
				CODE_SIGN_IDENTITY = "iPhone Developer";
				COPY_PHASE_STRIP = NO;
				DEBUG_INFORMATION_FORMAT = dwarf;
				ENABLE_STRICT_OBJC_MSGSEND = YES;
				ENABLE_TESTABILITY = YES;
				GCC_C_LANGUAGE_STANDARD = gnu11;
				GCC_DYNAMIC_NO_PIC = NO;
				GCC_NO_COMMON_BLOCKS = YES;
				GCC_OPTIMIZATION_LEVEL = 0;
				GCC_PREPROCESSOR_DEFINITIONS = (
					"DEBUG=1",
					"$(inherited)",
				);
				GCC_WARN_64_TO_32_BIT_CONVERSION = YES;
				GCC_WARN_ABOUT_RETURN_TYPE = YES_ERROR;
				GCC_WARN_UNDECLARED_SELECTOR = YES;
				GCC_WARN_UNINITIALIZED_AUTOS = YES_AGGRESSIVE;
				GCC_WARN_UNUSED_FUNCTION = YES;
				GCC_WARN_UNUSED_VARIABLE = YES;
				IPHONEOS_DEPLOYMENT_TARGET = 12.0;
				MTL_ENABLE_DEBUG_INFO = INCLUDE_SOURCE;
				MTL_FAST_MATH = YES;
				ONLY_ACTIVE_ARCH = YES;
				SDKROOT = iphoneos;
				SWIFT_ACTIVE_COMPILATION_CONDITIONS = DEBUG;
				SWIFT_OPTIMIZATION_LEVEL = "-Onone";
			};
			name = Debug;
		};
		5ABB14A22167C42700A2CB2C /* Release */ = {
			isa = XCBuildConfiguration;
			buildSettings = {
				ALWAYS_SEARCH_USER_PATHS = NO;
				CLANG_ANALYZER_NONNULL = YES;
				CLANG_ANALYZER_NUMBER_OBJECT_CONVERSION = YES_AGGRESSIVE;
				CLANG_CXX_LANGUAGE_STANDARD = "gnu++14";
				CLANG_CXX_LIBRARY = "libc++";
				CLANG_ENABLE_MODULES = YES;
				CLANG_ENABLE_OBJC_ARC = YES;
				CLANG_ENABLE_OBJC_WEAK = YES;
				CLANG_WARN_BLOCK_CAPTURE_AUTORELEASING = YES;
				CLANG_WARN_BOOL_CONVERSION = YES;
				CLANG_WARN_COMMA = YES;
				CLANG_WARN_CONSTANT_CONVERSION = YES;
				CLANG_WARN_DEPRECATED_OBJC_IMPLEMENTATIONS = YES;
				CLANG_WARN_DIRECT_OBJC_ISA_USAGE = YES_ERROR;
				CLANG_WARN_DOCUMENTATION_COMMENTS = YES;
				CLANG_WARN_EMPTY_BODY = YES;
				CLANG_WARN_ENUM_CONVERSION = YES;
				CLANG_WARN_INFINITE_RECURSION = YES;
				CLANG_WARN_INT_CONVERSION = YES;
				CLANG_WARN_NON_LITERAL_NULL_CONVERSION = YES;
				CLANG_WARN_OBJC_IMPLICIT_RETAIN_SELF = YES;
				CLANG_WARN_OBJC_LITERAL_CONVERSION = YES;
				CLANG_WARN_OBJC_ROOT_CLASS = YES_ERROR;
				CLANG_WARN_RANGE_LOOP_ANALYSIS = YES;
				CLANG_WARN_STRICT_PROTOTYPES = YES;
				CLANG_WARN_SUSPICIOUS_MOVE = YES;
				CLANG_WARN_UNGUARDED_AVAILABILITY = YES_AGGRESSIVE;
				CLANG_WARN_UNREACHABLE_CODE = YES;
				CLANG_WARN__DUPLICATE_METHOD_MATCH = YES;
				CODE_SIGN_IDENTITY = "iPhone Developer";
				COPY_PHASE_STRIP = NO;
				DEBUG_INFORMATION_FORMAT = "dwarf-with-dsym";
				ENABLE_NS_ASSERTIONS = NO;
				ENABLE_STRICT_OBJC_MSGSEND = YES;
				GCC_C_LANGUAGE_STANDARD = gnu11;
				GCC_NO_COMMON_BLOCKS = YES;
				GCC_WARN_64_TO_32_BIT_CONVERSION = YES;
				GCC_WARN_ABOUT_RETURN_TYPE = YES_ERROR;
				GCC_WARN_UNDECLARED_SELECTOR = YES;
				GCC_WARN_UNINITIALIZED_AUTOS = YES_AGGRESSIVE;
				GCC_WARN_UNUSED_FUNCTION = YES;
				GCC_WARN_UNUSED_VARIABLE = YES;
				IPHONEOS_DEPLOYMENT_TARGET = 12.0;
				MTL_ENABLE_DEBUG_INFO = NO;
				MTL_FAST_MATH = YES;
				SDKROOT = iphoneos;
				SWIFT_COMPILATION_MODE = wholemodule;
				SWIFT_OPTIMIZATION_LEVEL = "-O";
				VALIDATE_PRODUCT = YES;
			};
			name = Release;
		};
		5ABB14A42167C42700A2CB2C /* Debug */ = {
			isa = XCBuildConfiguration;
			baseConfigurationReference = 38478237138C959D80C9A482 /* Pods-WeedmapsChallenge.debug.xcconfig */;
			buildSettings = {
				ASSETCATALOG_COMPILER_APPICON_NAME = AppIcon;
				CODE_SIGN_STYLE = Automatic;
				DEVELOPMENT_TEAM = VJM86CJSEK;
				INFOPLIST_FILE = "$(SRCROOT)/WeedmapsChallenge/Assets/Plists/WeedmapsChallenge-Info.plist";
				LD_RUNPATH_SEARCH_PATHS = (
					"$(inherited)",
					"@executable_path/Frameworks",
				);
				PRODUCT_BUNDLE_IDENTIFIER = com.SusanSalas.WeedmapsChallenge;
				PRODUCT_NAME = "$(TARGET_NAME)";
				SWIFT_VERSION = 4.2;
				TARGETED_DEVICE_FAMILY = "1,2";
			};
			name = Debug;
		};
		5ABB14A52167C42700A2CB2C /* Release */ = {
			isa = XCBuildConfiguration;
			baseConfigurationReference = 61A720788174F8C549A2BB73 /* Pods-WeedmapsChallenge.release.xcconfig */;
			buildSettings = {
				ASSETCATALOG_COMPILER_APPICON_NAME = AppIcon;
				CODE_SIGN_STYLE = Automatic;
				DEVELOPMENT_TEAM = VJM86CJSEK;
				INFOPLIST_FILE = "$(SRCROOT)/WeedmapsChallenge/Assets/Plists/WeedmapsChallenge-Info.plist";
				LD_RUNPATH_SEARCH_PATHS = (
					"$(inherited)",
					"@executable_path/Frameworks",
				);
				PRODUCT_BUNDLE_IDENTIFIER = com.SusanSalas.WeedmapsChallenge;
				PRODUCT_NAME = "$(TARGET_NAME)";
				SWIFT_VERSION = 4.2;
				TARGETED_DEVICE_FAMILY = "1,2";
			};
			name = Release;
		};
		5ABB14A72167C42700A2CB2C /* Debug */ = {
			isa = XCBuildConfiguration;
			baseConfigurationReference = E5CD667392B1B4ABFB0BC0A3 /* Pods-WeedmapsChallengeTests.debug.xcconfig */;
			buildSettings = {
				ALWAYS_EMBED_SWIFT_STANDARD_LIBRARIES = YES;
				BUNDLE_LOADER = "$(TEST_HOST)";
				CODE_SIGN_STYLE = Automatic;
				DEVELOPMENT_TEAM = S9UES6HSTC;
				INFOPLIST_FILE = WeedmapsChallengeTests/Info.plist;
				LD_RUNPATH_SEARCH_PATHS = (
					"$(inherited)",
					"@executable_path/Frameworks",
					"@loader_path/Frameworks",
				);
				PRODUCT_BUNDLE_IDENTIFIER = com.weedmaps.WeedmapsChallengeTests;
				PRODUCT_NAME = "$(TARGET_NAME)";
				SWIFT_VERSION = 4.2;
				TARGETED_DEVICE_FAMILY = "1,2";
				TEST_HOST = "$(BUILT_PRODUCTS_DIR)/WeedmapsChallenge.app/WeedmapsChallenge";
			};
			name = Debug;
		};
		5ABB14A82167C42700A2CB2C /* Release */ = {
			isa = XCBuildConfiguration;
			baseConfigurationReference = D7F41E6A3E83D6BEDB401171 /* Pods-WeedmapsChallengeTests.release.xcconfig */;
			buildSettings = {
				ALWAYS_EMBED_SWIFT_STANDARD_LIBRARIES = YES;
				BUNDLE_LOADER = "$(TEST_HOST)";
				CODE_SIGN_STYLE = Automatic;
				DEVELOPMENT_TEAM = S9UES6HSTC;
				INFOPLIST_FILE = WeedmapsChallengeTests/Info.plist;
				LD_RUNPATH_SEARCH_PATHS = (
					"$(inherited)",
					"@executable_path/Frameworks",
					"@loader_path/Frameworks",
				);
				PRODUCT_BUNDLE_IDENTIFIER = com.weedmaps.WeedmapsChallengeTests;
				PRODUCT_NAME = "$(TARGET_NAME)";
				SWIFT_VERSION = 4.2;
				TARGETED_DEVICE_FAMILY = "1,2";
				TEST_HOST = "$(BUILT_PRODUCTS_DIR)/WeedmapsChallenge.app/WeedmapsChallenge";
			};
			name = Release;
		};
		5ABB14AA2167C42700A2CB2C /* Debug */ = {
			isa = XCBuildConfiguration;
			baseConfigurationReference = 56C27B4D035F963BB6BE4684 /* Pods-WeedmapsChallengeUITests.debug.xcconfig */;
			buildSettings = {
				ALWAYS_EMBED_SWIFT_STANDARD_LIBRARIES = YES;
				CODE_SIGN_STYLE = Automatic;
				DEVELOPMENT_TEAM = S9UES6HSTC;
				INFOPLIST_FILE = WeedmapsChallengeUITests/Info.plist;
				LD_RUNPATH_SEARCH_PATHS = (
					"$(inherited)",
					"@executable_path/Frameworks",
					"@loader_path/Frameworks",
				);
				PRODUCT_BUNDLE_IDENTIFIER = com.weedmaps.WeedmapsChallengeUITests;
				PRODUCT_NAME = "$(TARGET_NAME)";
				SWIFT_VERSION = 4.2;
				TARGETED_DEVICE_FAMILY = "1,2";
				TEST_TARGET_NAME = WeedmapsChallenge;
			};
			name = Debug;
		};
		5ABB14AB2167C42700A2CB2C /* Release */ = {
			isa = XCBuildConfiguration;
			baseConfigurationReference = 390EF1E81C998005AB3BF156 /* Pods-WeedmapsChallengeUITests.release.xcconfig */;
			buildSettings = {
				ALWAYS_EMBED_SWIFT_STANDARD_LIBRARIES = YES;
				CODE_SIGN_STYLE = Automatic;
				DEVELOPMENT_TEAM = S9UES6HSTC;
				INFOPLIST_FILE = WeedmapsChallengeUITests/Info.plist;
				LD_RUNPATH_SEARCH_PATHS = (
					"$(inherited)",
					"@executable_path/Frameworks",
					"@loader_path/Frameworks",
				);
				PRODUCT_BUNDLE_IDENTIFIER = com.weedmaps.WeedmapsChallengeUITests;
				PRODUCT_NAME = "$(TARGET_NAME)";
				SWIFT_VERSION = 4.2;
				TARGETED_DEVICE_FAMILY = "1,2";
				TEST_TARGET_NAME = WeedmapsChallenge;
			};
			name = Release;
		};
/* End XCBuildConfiguration section */

/* Begin XCConfigurationList section */
		5ABB14742167C42300A2CB2C /* Build configuration list for PBXProject "WeedmapsChallenge" */ = {
			isa = XCConfigurationList;
			buildConfigurations = (
				5ABB14A12167C42700A2CB2C /* Debug */,
				5ABB14A22167C42700A2CB2C /* Release */,
			);
			defaultConfigurationIsVisible = 0;
			defaultConfigurationName = Release;
		};
		5ABB14A32167C42700A2CB2C /* Build configuration list for PBXNativeTarget "WeedmapsChallenge" */ = {
			isa = XCConfigurationList;
			buildConfigurations = (
				5ABB14A42167C42700A2CB2C /* Debug */,
				5ABB14A52167C42700A2CB2C /* Release */,
			);
			defaultConfigurationIsVisible = 0;
			defaultConfigurationName = Release;
		};
		5ABB14A62167C42700A2CB2C /* Build configuration list for PBXNativeTarget "WeedmapsChallengeTests" */ = {
			isa = XCConfigurationList;
			buildConfigurations = (
				5ABB14A72167C42700A2CB2C /* Debug */,
				5ABB14A82167C42700A2CB2C /* Release */,
			);
			defaultConfigurationIsVisible = 0;
			defaultConfigurationName = Release;
		};
		5ABB14A92167C42700A2CB2C /* Build configuration list for PBXNativeTarget "WeedmapsChallengeUITests" */ = {
			isa = XCConfigurationList;
			buildConfigurations = (
				5ABB14AA2167C42700A2CB2C /* Debug */,
				5ABB14AB2167C42700A2CB2C /* Release */,
			);
			defaultConfigurationIsVisible = 0;
			defaultConfigurationName = Release;
		};
/* End XCConfigurationList section */
	};
	rootObject = 5ABB14712167C42300A2CB2C /* Project object */;
}
